
Microsoft Visual Studio Solution File, Format Version 12.00
# Visual Studio Version 16
VisualStudioVersion = 16.0.30320.27
MinimumVisualStudioVersion = 10.0.40219.1
Project("{2150E333-8FDC-42A3-9474-1A3956D46DE8}") = "src", "src", "{8AF18ECA-6D7C-48F1-AD9C-3E6F7C15D35C}"
EndProject
Project("{2150E333-8FDC-42A3-9474-1A3956D46DE8}") = "docs", "docs", "{C381D8CC-9C28-4256-A779-3194622B621C}"
EndProject
Project("{2150E333-8FDC-42A3-9474-1A3956D46DE8}") = "test", "test", "{D12E92D7-7BC6-4E88-BE0F-CEB9737EDF47}"
EndProject
Project("{9A19103F-16F7-4668-BE54-9A1E7A4F7556}") = "CExcel", "CExcel\CExcel.csproj", "{1F78D4B2-7793-489C-9F7F-5C8CEE467677}"
EndProject
Project("{9A19103F-16F7-4668-BE54-9A1E7A4F7556}") = "CExcel.Test", "CExcel.Test\CExcel.Test.csproj", "{BCF70EF8-637D-496B-B4E7-A205D98B639C}"
EndProject
Project("{2150E333-8FDC-42A3-9474-1A3956D46DE8}") = "nupkg", "nupkg", "{E670D330-C56E-49C8-A466-17B9F1A1EA4E}"
	ProjectSection(SolutionItems) = preProject
		C:\Users\coobe\Desktop\nuget.exe = C:\Users\coobe\Desktop\nuget.exe
	EndProjectSection
EndProject
Project("{9A19103F-16F7-4668-BE54-9A1E7A4F7556}") = "CExcel.Sample", "CExcel.Sample\CExcel.Sample.csproj", "{B4632630-1CB2-4010-83B1-297E1F43C291}"
EndProject
Project("{2150E333-8FDC-42A3-9474-1A3956D46DE8}") = "excel", "excel", "{283CE09A-4E6F-4800-ACAD-C3D5D383724C}"
EndProject
Project("{2150E333-8FDC-42A3-9474-1A3956D46DE8}") = "word", "word", "{83540A1A-FC9A-4812-8126-653D11760F0C}"
EndProject
Project("{9A19103F-16F7-4668-BE54-9A1E7A4F7556}") = "CWord", "CWord\CWord.csproj", "{E4E56554-6443-4385-92FB-F946A0095E7D}"
EndProject
Project("{2150E333-8FDC-42A3-9474-1A3956D46DE8}") = "pdf", "pdf", "{1952BF3B-E926-4A57-A327-78253D9232CC}"
EndProject
Project("{9A19103F-16F7-4668-BE54-9A1E7A4F7556}") = "CPdf", "CPdf\CPdf.csproj", "{A825395D-05D1-4A28-A65C-3D9F4CBF89CF}"
EndProject
Project("{9A19103F-16F7-4668-BE54-9A1E7A4F7556}") = "SpireExcel", "SpireExcel\SpireExcel.csproj", "{DB7C0ECE-F381-40E4-A2B3-D616579577FB}"
EndProject
Project("{FAE04EC0-301F-11D3-BF4B-00C04F79EFBC}") = "NpoiExcel", "NpoiExcel\NpoiExcel.csproj", "{A441AE5F-4B87-4ED0-B0D2-7DCD0B561CE8}"
EndProject
Global
	GlobalSection(SolutionConfigurationPlatforms) = preSolution
		Debug|Any CPU = Debug|Any CPU
		Release|Any CPU = Release|Any CPU
	EndGlobalSection
	GlobalSection(ProjectConfigurationPlatforms) = postSolution
		{1F78D4B2-7793-489C-9F7F-5C8CEE467677}.Debug|Any CPU.ActiveCfg = Debug|Any CPU
		{1F78D4B2-7793-489C-9F7F-5C8CEE467677}.Debug|Any CPU.Build.0 = Debug|Any CPU
		{1F78D4B2-7793-489C-9F7F-5C8CEE467677}.Release|Any CPU.ActiveCfg = Release|Any CPU
		{1F78D4B2-7793-489C-9F7F-5C8CEE467677}.Release|Any CPU.Build.0 = Release|Any CPU
		{BCF70EF8-637D-496B-B4E7-A205D98B639C}.Debug|Any CPU.ActiveCfg = Debug|Any CPU
		{BCF70EF8-637D-496B-B4E7-A205D98B639C}.Debug|Any CPU.Build.0 = Debug|Any CPU
		{BCF70EF8-637D-496B-B4E7-A205D98B639C}.Release|Any CPU.ActiveCfg = Release|Any CPU
		{BCF70EF8-637D-496B-B4E7-A205D98B639C}.Release|Any CPU.Build.0 = Release|Any CPU
		{B4632630-1CB2-4010-83B1-297E1F43C291}.Debug|Any CPU.ActiveCfg = Debug|Any CPU
		{B4632630-1CB2-4010-83B1-297E1F43C291}.Debug|Any CPU.Build.0 = Debug|Any CPU
		{B4632630-1CB2-4010-83B1-297E1F43C291}.Release|Any CPU.ActiveCfg = Release|Any CPU
		{B4632630-1CB2-4010-83B1-297E1F43C291}.Release|Any CPU.Build.0 = Release|Any CPU
		{E4E56554-6443-4385-92FB-F946A0095E7D}.Debug|Any CPU.ActiveCfg = Debug|Any CPU
		{E4E56554-6443-4385-92FB-F946A0095E7D}.Debug|Any CPU.Build.0 = Debug|Any CPU
		{E4E56554-6443-4385-92FB-F946A0095E7D}.Release|Any CPU.ActiveCfg = Release|Any CPU
		{E4E56554-6443-4385-92FB-F946A0095E7D}.Release|Any CPU.Build.0 = Release|Any CPU
		{A825395D-05D1-4A28-A65C-3D9F4CBF89CF}.Debug|Any CPU.ActiveCfg = Debug|Any CPU
		{A825395D-05D1-4A28-A65C-3D9F4CBF89CF}.Debug|Any CPU.Build.0 = Debug|Any CPU
		{A825395D-05D1-4A28-A65C-3D9F4CBF89CF}.Release|Any CPU.ActiveCfg = Release|Any CPU
		{A825395D-05D1-4A28-A65C-3D9F4CBF89CF}.Release|Any CPU.Build.0 = Release|Any CPU
		{DB7C0ECE-F381-40E4-A2B3-D616579577FB}.Debug|Any CPU.ActiveCfg = Debug|Any CPU
		{DB7C0ECE-F381-40E4-A2B3-D616579577FB}.Debug|Any CPU.Build.0 = Debug|Any CPU
		{DB7C0ECE-F381-40E4-A2B3-D616579577FB}.Release|Any CPU.ActiveCfg = Release|Any CPU
		{DB7C0ECE-F381-40E4-A2B3-D616579577FB}.Release|Any CPU.Build.0 = Release|Any CPU
		{A441AE5F-4B87-4ED0-B0D2-7DCD0B561CE8}.Debug|Any CPU.ActiveCfg = Debug|Any CPU
		{A441AE5F-4B87-4ED0-B0D2-7DCD0B561CE8}.Debug|Any CPU.Build.0 = Debug|Any CPU
		{A441AE5F-4B87-4ED0-B0D2-7DCD0B561CE8}.Release|Any CPU.ActiveCfg = Release|Any CPU
		{A441AE5F-4B87-4ED0-B0D2-7DCD0B561CE8}.Release|Any CPU.Build.0 = Release|Any CPU
	EndGlobalSection
	GlobalSection(SolutionProperties) = preSolution
		HideSolutionNode = FALSE
	EndGlobalSection
	GlobalSection(NestedProjects) = preSolution
		{1F78D4B2-7793-489C-9F7F-5C8CEE467677} = {283CE09A-4E6F-4800-ACAD-C3D5D383724C}
		{BCF70EF8-637D-496B-B4E7-A205D98B639C} = {D12E92D7-7BC6-4E88-BE0F-CEB9737EDF47}
		{B4632630-1CB2-4010-83B1-297E1F43C291} = {283CE09A-4E6F-4800-ACAD-C3D5D383724C}
		{283CE09A-4E6F-4800-ACAD-C3D5D383724C} = {8AF18ECA-6D7C-48F1-AD9C-3E6F7C15D35C}
		{83540A1A-FC9A-4812-8126-653D11760F0C} = {8AF18ECA-6D7C-48F1-AD9C-3E6F7C15D35C}
		{E4E56554-6443-4385-92FB-F946A0095E7D} = {83540A1A-FC9A-4812-8126-653D11760F0C}
		{1952BF3B-E926-4A57-A327-78253D9232CC} = {8AF18ECA-6D7C-48F1-AD9C-3E6F7C15D35C}
		{A825395D-05D1-4A28-A65C-3D9F4CBF89CF} = {1952BF3B-E926-4A57-A327-78253D9232CC}
		{DB7C0ECE-F381-40E4-A2B3-D616579577FB} = {283CE09A-4E6F-4800-ACAD-C3D5D383724C}
		{A441AE5F-4B87-4ED0-B0D2-7DCD0B561CE8} = {283CE09A-4E6F-4800-ACAD-C3D5D383724C}
	EndGlobalSection
	GlobalSection(ExtensibilityGlobals) = postSolution
		SolutionGuid = {B14D00A3-AC77-4AF8-BB80-982DCC4FE5DE}
	EndGlobalSection
EndGlobal
